{
  "version": 4,
  "terraform_version": "1.9.5",
  "serial": 122,
  "lineage": "af239bc9-f340-564d-9604-29396dbcbe5a",
  "outputs": {},
  "resources": [
    {
      "module": "module.dms_endpoints",
      "mode": "managed",
      "type": "aws_dms_endpoint",
      "name": "source",
      "provider": "provider[\"registry.terraform.io/hashicorp/aws\"]",
      "instances": [
        {
          "schema_version": 0,
          "attributes": {
            "certificate_arn": "",
            "database_name": "",
            "elasticsearch_settings": [],
            "endpoint_arn": "arn:aws:dms:ap-northeast-2:307946660153:endpoint:R4POTRL3QJCUDCL447674YVAKU",
            "endpoint_id": "minho-rds-source-endpoint",
            "endpoint_type": "source",
            "engine_name": "mysql",
            "extra_connection_attributes": "",
            "id": "minho-rds-source-endpoint",
            "kafka_settings": [],
            "kinesis_settings": [],
            "kms_key_arn": "arn:aws:kms:ap-northeast-2:307946660153:key/56340b6a-2f70-4f50-b030-605a0c459be6",
            "mongodb_settings": [],
            "password": "cloudclub6",
            "pause_replication_tasks": null,
            "port": 3306,
            "postgres_settings": [],
            "redis_settings": [],
            "redshift_settings": null,
            "s3_settings": [],
            "secrets_manager_access_role_arn": "",
            "secrets_manager_arn": "",
            "server_name": "minho-mysql-instance.cxycq0a0mt1m.ap-northeast-2.rds.amazonaws.com",
            "service_access_role": null,
            "ssl_mode": "none",
            "tags": null,
            "tags_all": {},
            "timeouts": null,
            "username": "root"
          },
          "sensitive_attributes": [
            [
              {
                "type": "get_attr",
                "value": "password"
              }
            ]
          ],
          "private": "eyJlMmJmYjczMC1lY2FhLTExZTYtOGY4OC0zNDM2M2JjN2M0YzAiOnsiY3JlYXRlIjozMDAwMDAwMDAwMDAsImRlbGV0ZSI6NjAwMDAwMDAwMDAwfX0=",
          "dependencies": [
            "module.network.aws_subnet.public",
            "module.network.aws_vpc.main",
            "module.rds.aws_db_instance.default",
            "module.rds.aws_db_parameter_group.default",
            "module.rds.aws_db_subnet_group.default",
            "module.rds.aws_security_group.rds_sg"
          ]
        }
      ]
    },
    {
      "module": "module.dms_endpoints",
      "mode": "managed",
      "type": "aws_dms_endpoint",
      "name": "target",
      "provider": "provider[\"registry.terraform.io/hashicorp/aws\"]",
      "instances": [
        {
          "schema_version": 0,
          "attributes": {
            "certificate_arn": "",
            "database_name": null,
            "elasticsearch_settings": [],
            "endpoint_arn": "arn:aws:dms:ap-northeast-2:307946660153:endpoint:PIF46VAWVRFAZDEGGAXOBNDSKU",
            "endpoint_id": "minho-kinesis-target-endpoint",
            "endpoint_type": "target",
            "engine_name": "kinesis",
            "extra_connection_attributes": "",
            "id": "minho-kinesis-target-endpoint",
            "kafka_settings": [],
            "kinesis_settings": [
              {
                "include_control_details": false,
                "include_null_and_empty": false,
                "include_partition_value": false,
                "include_table_alter_operations": false,
                "include_transaction_details": false,
                "message_format": "json",
                "partition_include_schema_table": false,
                "service_access_role_arn": "arn:aws:iam::307946660153:role/minho-dms-role",
                "stream_arn": "arn:aws:kinesis:ap-northeast-2:307946660153:stream/minho-kinesis-stream"
              }
            ],
            "kms_key_arn": "",
            "mongodb_settings": [],
            "password": null,
            "pause_replication_tasks": null,
            "port": null,
            "postgres_settings": [],
            "redis_settings": [],
            "redshift_settings": null,
            "s3_settings": [],
            "secrets_manager_access_role_arn": null,
            "secrets_manager_arn": null,
            "server_name": null,
            "service_access_role": null,
            "ssl_mode": "none",
            "tags": null,
            "tags_all": {},
            "timeouts": null,
            "username": null
          },
          "sensitive_attributes": [
            [
              {
                "type": "get_attr",
                "value": "password"
              }
            ]
          ],
          "private": "eyJlMmJmYjczMC1lY2FhLTExZTYtOGY4OC0zNDM2M2JjN2M0YzAiOnsiY3JlYXRlIjozMDAwMDAwMDAwMDAsImRlbGV0ZSI6NjAwMDAwMDAwMDAwfX0=",
          "dependencies": [
            "module.iam.aws_iam_role.dms_role",
            "module.kinesis.aws_kinesis_stream.default"
          ]
        }
      ]
    },
    {
      "module": "module.dms_instance",
      "mode": "managed",
      "type": "aws_dms_replication_instance",
      "name": "default",
      "provider": "provider[\"registry.terraform.io/hashicorp/aws\"]",
      "instances": [
        {
          "schema_version": 0,
          "attributes": {
            "allocated_storage": 20,
            "allow_major_version_upgrade": false,
            "apply_immediately": true,
            "auto_minor_version_upgrade": true,
            "availability_zone": "ap-northeast-2c",
            "engine_version": "3.5.2",
            "id": "minho-dms-replication-instance",
            "kms_key_arn": "arn:aws:kms:ap-northeast-2:307946660153:key/56340b6a-2f70-4f50-b030-605a0c459be6",
            "multi_az": false,
            "network_type": "IPV4",
            "preferred_maintenance_window": "sun:10:30-sun:14:30",
            "publicly_accessible": true,
            "replication_instance_arn": "arn:aws:dms:ap-northeast-2:307946660153:rep:7A7JRR5N5FDYLHEHVI3Y6JCDAM",
            "replication_instance_class": "dms.t2.micro",
            "replication_instance_id": "minho-dms-replication-instance",
            "replication_instance_private_ips": [
              "192.168.3.213"
            ],
            "replication_instance_public_ips": [
              "15.164.25.70"
            ],
            "replication_subnet_group_id": "minho-dms-subnet-group",
            "tags": {
              "Name": "minho"
            },
            "tags_all": {
              "Name": "minho"
            },
            "timeouts": null,
            "vpc_security_group_ids": [
              "sg-01a44a1ab63cb3af3"
            ]
          },
          "sensitive_attributes": [],
          "private": "eyJlMmJmYjczMC1lY2FhLTExZTYtOGY4OC0zNDM2M2JjN2M0YzAiOnsiY3JlYXRlIjoyNDAwMDAwMDAwMDAwLCJkZWxldGUiOjE4MDAwMDAwMDAwMDAsInVwZGF0ZSI6MTgwMDAwMDAwMDAwMH19",
          "dependencies": [
            "module.dms_subnet_group.aws_dms_replication_subnet_group.dms_subnet_group",
            "module.dms_subnet_group.aws_iam_role.dms_vpc_role",
            "module.dms_subnet_group.aws_iam_role_policy_attachment.dms_vpc_role_policy",
            "module.network.aws_subnet.public",
            "module.network.aws_vpc.main",
            "module.security_group.aws_security_group.default"
          ]
        }
      ]
    },
    {
      "module": "module.dms_subnet_group",
      "mode": "managed",
      "type": "aws_dms_replication_subnet_group",
      "name": "dms_subnet_group",
      "provider": "provider[\"registry.terraform.io/hashicorp/aws\"]",
      "instances": [
        {
          "schema_version": 0,
          "attributes": {
            "id": "minho-dms-subnet-group",
            "replication_subnet_group_arn": "arn:aws:dms:ap-northeast-2:307946660153:subgrp:minho-dms-subnet-group",
            "replication_subnet_group_description": "DMS subnet group",
            "replication_subnet_group_id": "minho-dms-subnet-group",
            "subnet_ids": [
              "subnet-01f344cd0f626c47a",
              "subnet-0764ba091c4e52e14"
            ],
            "tags": null,
            "tags_all": {},
            "vpc_id": "vpc-01ac562c1f5f08562"
          },
          "sensitive_attributes": [],
          "private": "bnVsbA==",
          "dependencies": [
            "module.dms_subnet_group.aws_iam_role.dms_vpc_role",
            "module.dms_subnet_group.aws_iam_role_policy_attachment.dms_vpc_role_policy",
            "module.network.aws_subnet.public",
            "module.network.aws_vpc.main"
          ]
        }
      ]
    },
    {
      "module": "module.dms_subnet_group",
      "mode": "managed",
      "type": "aws_iam_role",
      "name": "dms_vpc_role",
      "provider": "provider[\"registry.terraform.io/hashicorp/aws\"]",
      "instances": [
        {
          "schema_version": 0,
          "attributes": {
            "arn": "arn:aws:iam::307946660153:role/dms-vpc-role",
            "assume_role_policy": "{\"Statement\":[{\"Action\":\"sts:AssumeRole\",\"Effect\":\"Allow\",\"Principal\":{\"Service\":\"dms.amazonaws.com\"}}],\"Version\":\"2012-10-17\"}",
            "create_date": "2024-10-26T12:14:05Z",
            "description": "",
            "force_detach_policies": false,
            "id": "dms-vpc-role",
            "inline_policy": [],
            "managed_policy_arns": [],
            "max_session_duration": 3600,
            "name": "dms-vpc-role",
            "name_prefix": "",
            "path": "/",
            "permissions_boundary": "",
            "tags": null,
            "tags_all": {},
            "unique_id": "AROAUPMYNEE46BTFRXBZI"
          },
          "sensitive_attributes": [],
          "private": "bnVsbA=="
        }
      ]
    },
    {
      "module": "module.dms_subnet_group",
      "mode": "managed",
      "type": "aws_iam_role_policy_attachment",
      "name": "dms_vpc_role_policy",
      "provider": "provider[\"registry.terraform.io/hashicorp/aws\"]",
      "instances": [
        {
          "schema_version": 0,
          "attributes": {
            "id": "dms-vpc-role-20241026121406567500000003",
            "policy_arn": "arn:aws:iam::aws:policy/service-role/AmazonDMSVPCManagementRole",
            "role": "dms-vpc-role"
          },
          "sensitive_attributes": [],
          "private": "bnVsbA==",
          "dependencies": [
            "module.dms_subnet_group.aws_iam_role.dms_vpc_role"
          ]
        }
      ]
    },
    {
      "module": "module.dms_task",
      "mode": "managed",
      "type": "aws_dms_replication_task",
      "name": "default",
      "provider": "provider[\"registry.terraform.io/hashicorp/aws\"]",
      "instances": [
        {
          "schema_version": 0,
          "attributes": {
            "cdc_start_position": "2024-10-26T12:26:09",
            "cdc_start_time": null,
            "id": "my-dms-task-dms-replication-task",
            "migration_type": "cdc",
            "replication_instance_arn": "arn:aws:dms:ap-northeast-2:307946660153:rep:7A7JRR5N5FDYLHEHVI3Y6JCDAM",
            "replication_task_arn": "arn:aws:dms:ap-northeast-2:307946660153:task:YPXE2LXPWNBJXPWS4TTWUDCFO4",
            "replication_task_id": "my-dms-task-dms-replication-task",
            "replication_task_settings": "{\"Logging\":{\"EnableLogging\":false,\"EnableLogContext\":false,\"LogComponents\":[{\"Severity\":\"LOGGER_SEVERITY_DEFAULT\",\"Id\":\"DATA_STRUCTURE\"},{\"Severity\":\"LOGGER_SEVERITY_DEFAULT\",\"Id\":\"COMMUNICATION\"},{\"Severity\":\"LOGGER_SEVERITY_DEFAULT\",\"Id\":\"IO\"},{\"Severity\":\"LOGGER_SEVERITY_DEFAULT\",\"Id\":\"COMMON\"},{\"Severity\":\"LOGGER_SEVERITY_DEFAULT\",\"Id\":\"FILE_FACTORY\"},{\"Severity\":\"LOGGER_SEVERITY_DEFAULT\",\"Id\":\"FILE_TRANSFER\"},{\"Severity\":\"LOGGER_SEVERITY_DEFAULT\",\"Id\":\"REST_SERVER\"},{\"Severity\":\"LOGGER_SEVERITY_DEFAULT\",\"Id\":\"ADDONS\"},{\"Severity\":\"LOGGER_SEVERITY_DEFAULT\",\"Id\":\"TARGET_LOAD\"},{\"Severity\":\"LOGGER_SEVERITY_DEFAULT\",\"Id\":\"TARGET_APPLY\"},{\"Severity\":\"LOGGER_SEVERITY_DEFAULT\",\"Id\":\"SOURCE_UNLOAD\"},{\"Severity\":\"LOGGER_SEVERITY_DEFAULT\",\"Id\":\"SOURCE_CAPTURE\"},{\"Severity\":\"LOGGER_SEVERITY_DEFAULT\",\"Id\":\"TRANSFORMATION\"},{\"Severity\":\"LOGGER_SEVERITY_DEFAULT\",\"Id\":\"SORTER\"},{\"Severity\":\"LOGGER_SEVERITY_DEFAULT\",\"Id\":\"TASK_MANAGER\"},{\"Severity\":\"LOGGER_SEVERITY_DEFAULT\",\"Id\":\"TABLES_MANAGER\"},{\"Severity\":\"LOGGER_SEVERITY_DEFAULT\",\"Id\":\"METADATA_MANAGER\"},{\"Severity\":\"LOGGER_SEVERITY_DEFAULT\",\"Id\":\"PERFORMANCE\"},{\"Severity\":\"LOGGER_SEVERITY_DEFAULT\",\"Id\":\"VALIDATOR_EXT\"}],\"CloudWatchLogGroup\":null,\"CloudWatchLogStream\":null},\"StreamBufferSettings\":{\"StreamBufferCount\":3,\"CtrlStreamBufferSizeInMB\":5,\"StreamBufferSizeInMB\":8},\"ErrorBehavior\":{\"FailOnNoTablesCaptured\":true,\"ApplyErrorUpdatePolicy\":\"LOG_ERROR\",\"FailOnTransactionConsistencyBreached\":false,\"RecoverableErrorThrottlingMax\":1800,\"DataErrorEscalationPolicy\":\"SUSPEND_TABLE\",\"ApplyErrorEscalationCount\":0,\"RecoverableErrorStopRetryAfterThrottlingMax\":true,\"RecoverableErrorThrottling\":true,\"ApplyErrorFailOnTruncationDdl\":false,\"DataTruncationErrorPolicy\":\"LOG_ERROR\",\"ApplyErrorInsertPolicy\":\"LOG_ERROR\",\"EventErrorPolicy\":\"IGNORE\",\"ApplyErrorEscalationPolicy\":\"LOG_ERROR\",\"RecoverableErrorCount\":-1,\"DataErrorEscalationCount\":0,\"TableErrorEscalationPolicy\":\"STOP_TASK\",\"RecoverableErrorInterval\":5,\"ApplyErrorDeletePolicy\":\"IGNORE_RECORD\",\"TableErrorEscalationCount\":0,\"FullLoadIgnoreConflicts\":true,\"DataErrorPolicy\":\"LOG_ERROR\",\"TableErrorPolicy\":\"SUSPEND_TABLE\"},\"TTSettings\":{\"TTS3Settings\":null,\"TTRecordSettings\":null,\"EnableTT\":false},\"FullLoadSettings\":{\"CommitRate\":10000,\"StopTaskCachedChangesApplied\":false,\"StopTaskCachedChangesNotApplied\":false,\"MaxFullLoadSubTasks\":8,\"TransactionConsistencyTimeout\":600,\"CreatePkAfterFullLoad\":false,\"TargetTablePrepMode\":\"DO_NOTHING\"},\"TargetMetadata\":{\"ParallelApplyBufferSize\":0,\"ParallelApplyQueuesPerThread\":0,\"ParallelApplyThreads\":0,\"TargetSchema\":\"\",\"InlineLobMaxSize\":0,\"ParallelLoadQueuesPerThread\":0,\"SupportLobs\":true,\"LobChunkSize\":64,\"TaskRecoveryTableEnabled\":false,\"ParallelLoadThreads\":0,\"LobMaxSize\":32,\"BatchApplyEnabled\":false,\"FullLobMode\":true,\"LimitedSizeLobMode\":true,\"LoadMaxFileSize\":0,\"ParallelLoadBufferSize\":0},\"BeforeImageSettings\":null,\"ControlTablesSettings\":{\"historyTimeslotInMinutes\":5,\"HistoryTimeslotInMinutes\":5,\"StatusTableEnabled\":false,\"SuspendedTablesTableEnabled\":false,\"HistoryTableEnabled\":false,\"ControlSchema\":\"\",\"FullLoadExceptionTableEnabled\":false},\"LoopbackPreventionSettings\":null,\"CharacterSetSettings\":null,\"FailTaskWhenCleanTaskResourceFailed\":false,\"ChangeProcessingTuning\":{\"StatementCacheSize\":50,\"CommitTimeout\":1,\"RecoveryTimeout\":-1,\"BatchApplyPreserveTransaction\":true,\"BatchApplyTimeoutMin\":1,\"BatchSplitSize\":0,\"BatchApplyTimeoutMax\":30,\"MinTransactionSize\":1000,\"MemoryKeepTime\":60,\"BatchApplyMemoryLimit\":500,\"MemoryLimitTotal\":1024},\"ChangeProcessingDdlHandlingPolicy\":{\"HandleSourceTableDropped\":true,\"HandleSourceTableTruncated\":true,\"HandleSourceTableAltered\":true},\"PostProcessingRules\":null}",
            "resource_identifier": null,
            "source_endpoint_arn": "arn:aws:dms:ap-northeast-2:307946660153:endpoint:R4POTRL3QJCUDCL447674YVAKU",
            "start_replication_task": true,
            "status": "running",
            "table_mappings": " {\n \"rules\": [\n {\n \"rule-type\": \"selection\",\n \"rule-id\": \"1\",\n \"rule-name\": \"1\",\n \"object-locator\": {\n \"schema-name\": \"%\", \n \"table-name\": \"%\" \n },\n \"rule-action\": \"include\"\n }\n\n\n  ]\n }\n",
            "tags": {
              "Name": "my-dms-task"
            },
            "tags_all": {
              "Name": "my-dms-task"
            },
            "target_endpoint_arn": "arn:aws:dms:ap-northeast-2:307946660153:endpoint:PIF46VAWVRFAZDEGGAXOBNDSKU"
          },
          "sensitive_attributes": [],
          "private": "bnVsbA==",
          "dependencies": [
            "module.dms_endpoints.aws_dms_endpoint.source",
            "module.dms_endpoints.aws_dms_endpoint.target",
            "module.dms_instance.aws_dms_replication_instance.default",
            "module.dms_subnet_group.aws_dms_replication_subnet_group.dms_subnet_group",
            "module.dms_subnet_group.aws_iam_role.dms_vpc_role",
            "module.dms_subnet_group.aws_iam_role_policy_attachment.dms_vpc_role_policy",
            "module.iam.aws_iam_role.dms_role",
            "module.kinesis.aws_kinesis_stream.default",
            "module.network.aws_subnet.public",
            "module.network.aws_vpc.main",
            "module.rds.aws_db_instance.default",
            "module.rds.aws_db_parameter_group.default",
            "module.rds.aws_db_subnet_group.default",
            "module.rds.aws_security_group.rds_sg",
            "module.security_group.aws_security_group.default"
          ]
        }
      ]
    },
    {
      "module": "module.firehose",
      "mode": "managed",
      "type": "aws_kinesis_firehose_delivery_stream",
      "name": "default",
      "provider": "provider[\"registry.terraform.io/hashicorp/aws\"]",
      "instances": [
        {
          "schema_version": 1,
          "attributes": {
            "arn": "arn:aws:firehose:ap-northeast-2:307946660153:deliverystream/minho-firehose-delivery-stream",
            "destination": "extended_s3",
            "destination_id": "destinationId-000000000001",
            "elasticsearch_configuration": [],
            "extended_s3_configuration": [
              {
                "bucket_arn": "arn:aws:s3:::minho-cdc-s3",
                "buffering_interval": 300,
                "buffering_size": 5,
                "cloudwatch_logging_options": [
                  {
                    "enabled": true,
                    "log_group_name": "/aws/kinesisfirehose/minho-firehose-delivery-stream",
                    "log_stream_name": "error-stream"
                  }
                ],
                "compression_format": "UNCOMPRESSED",
                "custom_time_zone": "UTC",
                "data_format_conversion_configuration": [],
                "dynamic_partitioning_configuration": [],
                "error_output_prefix": "minho-error-prefix/",
                "file_extension": "",
                "kms_key_arn": "",
                "prefix": "minho-prefix/",
                "processing_configuration": [
                  {
                    "enabled": false,
                    "processors": []
                  }
                ],
                "role_arn": "arn:aws:iam::307946660153:role/minho-firehose-role",
                "s3_backup_configuration": [],
                "s3_backup_mode": "Disabled"
              }
            ],
            "http_endpoint_configuration": [],
            "id": "arn:aws:firehose:ap-northeast-2:307946660153:deliverystream/minho-firehose-delivery-stream",
            "kinesis_source_configuration": [
              {
                "kinesis_stream_arn": "arn:aws:kinesis:ap-northeast-2:307946660153:stream/minho-kinesis-stream",
                "role_arn": "arn:aws:iam::307946660153:role/minho-firehose-role"
              }
            ],
            "msk_source_configuration": [],
            "name": "minho-firehose-delivery-stream",
            "opensearch_configuration": [],
            "opensearchserverless_configuration": [],
            "redshift_configuration": [],
            "server_side_encryption": [
              {
                "enabled": false,
                "key_arn": "",
                "key_type": "AWS_OWNED_CMK"
              }
            ],
            "snowflake_configuration": [],
            "splunk_configuration": [],
            "tags": null,
            "tags_all": {},
            "timeouts": null,
            "version_id": "1"
          },
          "sensitive_attributes": [],
          "private": "eyJlMmJmYjczMC1lY2FhLTExZTYtOGY4OC0zNDM2M2JjN2M0YzAiOnsiY3JlYXRlIjoxODAwMDAwMDAwMDAwLCJkZWxldGUiOjE4MDAwMDAwMDAwMDAsInVwZGF0ZSI6NjAwMDAwMDAwMDAwfSwic2NoZW1hX3ZlcnNpb24iOiIxIn0=",
          "dependencies": [
            "module.iam.aws_iam_role.firehose_role",
            "module.kinesis.aws_kinesis_stream.default",
            "module.s3.aws_s3_bucket.default"
          ]
        }
      ]
    },
    {
      "module": "module.iam",
      "mode": "data",
      "type": "aws_caller_identity",
      "name": "current",
      "provider": "provider[\"registry.terraform.io/hashicorp/aws\"]",
      "instances": [
        {
          "schema_version": 0,
          "attributes": {
            "account_id": "307946660153",
            "arn": "arn:aws:iam::307946660153:user/tf-minhojang",
            "id": "307946660153",
            "user_id": "AIDAUPMYNEE4TJRRK4ZTL"
          },
          "sensitive_attributes": []
        }
      ]
    },
    {
      "module": "module.iam",
      "mode": "managed",
      "type": "aws_iam_role",
      "name": "dms_role",
      "provider": "provider[\"registry.terraform.io/hashicorp/aws\"]",
      "instances": [
        {
          "schema_version": 0,
          "attributes": {
            "arn": "arn:aws:iam::307946660153:role/minho-dms-role",
            "assume_role_policy": "{\"Statement\":[{\"Action\":\"sts:AssumeRole\",\"Effect\":\"Allow\",\"Principal\":{\"Service\":\"dms.amazonaws.com\"},\"Sid\":\"\"}],\"Version\":\"2012-10-17\"}",
            "create_date": "2024-10-26T12:14:04Z",
            "description": "",
            "force_detach_policies": false,
            "id": "minho-dms-role",
            "inline_policy": [],
            "managed_policy_arns": [],
            "max_session_duration": 3600,
            "name": "minho-dms-role",
            "name_prefix": "",
            "path": "/",
            "permissions_boundary": "",
            "tags": null,
            "tags_all": {},
            "unique_id": "AROAUPMYNEE4TTO5XEQQN"
          },
          "sensitive_attributes": [],
          "private": "bnVsbA=="
        }
      ]
    },
    {
      "module": "module.iam",
      "mode": "managed",
      "type": "aws_iam_role",
      "name": "firehose_role",
      "provider": "provider[\"registry.terraform.io/hashicorp/aws\"]",
      "instances": [
        {
          "schema_version": 0,
          "attributes": {
            "arn": "arn:aws:iam::307946660153:role/minho-firehose-role",
            "assume_role_policy": "{\"Statement\":[{\"Action\":\"sts:AssumeRole\",\"Effect\":\"Allow\",\"Principal\":{\"Service\":\"firehose.amazonaws.com\"},\"Sid\":\"\"}],\"Version\":\"2012-10-17\"}",
            "create_date": "2024-10-26T12:14:04Z",
            "description": "",
            "force_detach_policies": false,
            "id": "minho-firehose-role",
            "inline_policy": [],
            "managed_policy_arns": [],
            "max_session_duration": 3600,
            "name": "minho-firehose-role",
            "name_prefix": "",
            "path": "/",
            "permissions_boundary": "",
            "tags": null,
            "tags_all": {},
            "unique_id": "AROAUPMYNEE4UKEL3U3RN"
          },
          "sensitive_attributes": [],
          "private": "bnVsbA=="
        }
      ]
    },
    {
      "module": "module.iam",
      "mode": "managed",
      "type": "aws_iam_role_policy_attachment",
      "name": "dms_role_policy_attachment",
      "provider": "provider[\"registry.terraform.io/hashicorp/aws\"]",
      "instances": [
        {
          "schema_version": 0,
          "attributes": {
            "id": "minho-dms-role-20241026121406382100000002",
            "policy_arn": "arn:aws:iam::aws:policy/AdministratorAccess",
            "role": "minho-dms-role"
          },
          "sensitive_attributes": [],
          "private": "bnVsbA==",
          "dependencies": [
            "module.iam.aws_iam_role.dms_role"
          ]
        }
      ]
    },
    {
      "module": "module.iam",
      "mode": "managed",
      "type": "aws_iam_role_policy_attachment",
      "name": "firehose_role_policy_attachment",
      "provider": "provider[\"registry.terraform.io/hashicorp/aws\"]",
      "instances": [
        {
          "schema_version": 0,
          "attributes": {
            "id": "minho-firehose-role-20241026121406234700000001",
            "policy_arn": "arn:aws:iam::aws:policy/AdministratorAccess",
            "role": "minho-firehose-role"
          },
          "sensitive_attributes": [],
          "private": "bnVsbA==",
          "dependencies": [
            "module.iam.aws_iam_role.firehose_role"
          ]
        }
      ]
    },
    {
      "module": "module.kinesis",
      "mode": "managed",
      "type": "aws_kinesis_stream",
      "name": "default",
      "provider": "provider[\"registry.terraform.io/hashicorp/aws\"]",
      "instances": [
        {
          "schema_version": 1,
          "attributes": {
            "arn": "arn:aws:kinesis:ap-northeast-2:307946660153:stream/minho-kinesis-stream",
            "encryption_type": "NONE",
            "enforce_consumer_deletion": false,
            "id": "arn:aws:kinesis:ap-northeast-2:307946660153:stream/minho-kinesis-stream",
            "kms_key_id": "",
            "name": "minho-kinesis-stream",
            "retention_period": 24,
            "shard_count": 0,
            "shard_level_metrics": null,
            "stream_mode_details": [
              {
                "stream_mode": "ON_DEMAND"
              }
            ],
            "tags": null,
            "tags_all": {},
            "timeouts": null
          },
          "sensitive_attributes": [],
          "private": "eyJlMmJmYjczMC1lY2FhLTExZTYtOGY4OC0zNDM2M2JjN2M0YzAiOnsiY3JlYXRlIjozMDAwMDAwMDAwMDAsImRlbGV0ZSI6NzIwMDAwMDAwMDAwMCwidXBkYXRlIjo3MjAwMDAwMDAwMDAwfSwic2NoZW1hX3ZlcnNpb24iOiIxIn0="
        }
      ]
    },
    {
      "module": "module.network",
      "mode": "managed",
      "type": "aws_eip",
      "name": "nat_eip",
      "provider": "provider[\"registry.terraform.io/hashicorp/aws\"]",
      "instances": [
        {
          "schema_version": 0,
          "attributes": {
            "address": null,
            "allocation_id": "eipalloc-0f79a615d3e4f5e8e",
            "arn": "arn:aws:ec2:ap-northeast-2:307946660153:elastic-ip/eipalloc-0f79a615d3e4f5e8e",
            "associate_with_private_ip": null,
            "association_id": "",
            "carrier_ip": "",
            "customer_owned_ip": "",
            "customer_owned_ipv4_pool": "",
            "domain": "vpc",
            "id": "eipalloc-0f79a615d3e4f5e8e",
            "instance": "",
            "ipam_pool_id": null,
            "network_border_group": "ap-northeast-2",
            "network_interface": "",
            "private_dns": null,
            "private_ip": "",
            "ptr_record": "",
            "public_dns": "ec2-43-200-235-139.ap-northeast-2.compute.amazonaws.com",
            "public_ip": "43.200.235.139",
            "public_ipv4_pool": "amazon",
            "tags": {
              "Name": "minho-nat-eip"
            },
            "tags_all": {
              "Name": "minho-nat-eip"
            },
            "timeouts": null,
            "vpc": true
          },
          "sensitive_attributes": [],
          "private": "eyJlMmJmYjczMC1lY2FhLTExZTYtOGY4OC0zNDM2M2JjN2M0YzAiOnsiZGVsZXRlIjoxODAwMDAwMDAwMDAsInJlYWQiOjkwMDAwMDAwMDAwMCwidXBkYXRlIjozMDAwMDAwMDAwMDB9fQ=="
        }
      ]
    },
    {
      "module": "module.network",
      "mode": "managed",
      "type": "aws_internet_gateway",
      "name": "gw",
      "provider": "provider[\"registry.terraform.io/hashicorp/aws\"]",
      "instances": [
        {
          "schema_version": 0,
          "attributes": {
            "arn": "arn:aws:ec2:ap-northeast-2:307946660153:internet-gateway/igw-0f4999105b86047bf",
            "id": "igw-0f4999105b86047bf",
            "owner_id": "307946660153",
            "tags": {
              "Name": "minho-igw"
            },
            "tags_all": {
              "Name": "minho-igw"
            },
            "timeouts": null,
            "vpc_id": "vpc-01ac562c1f5f08562"
          },
          "sensitive_attributes": [],
          "private": "eyJlMmJmYjczMC1lY2FhLTExZTYtOGY4OC0zNDM2M2JjN2M0YzAiOnsiY3JlYXRlIjoxMjAwMDAwMDAwMDAwLCJkZWxldGUiOjEyMDAwMDAwMDAwMDAsInVwZGF0ZSI6MTIwMDAwMDAwMDAwMH19",
          "dependencies": [
            "module.network.aws_vpc.main"
          ]
        }
      ]
    },
    {
      "module": "module.network",
      "mode": "managed",
      "type": "aws_nat_gateway",
      "name": "gw",
      "provider": "provider[\"registry.terraform.io/hashicorp/aws\"]",
      "instances": [
        {
          "schema_version": 0,
          "attributes": {
            "allocation_id": "eipalloc-0f79a615d3e4f5e8e",
            "association_id": "eipassoc-01d32c25f1534de0d",
            "connectivity_type": "public",
            "id": "nat-0b9e84a2f6a97d28a",
            "network_interface_id": "eni-068bdcff787cf1705",
            "private_ip": "192.168.1.141",
            "public_ip": "43.200.235.139",
            "secondary_allocation_ids": null,
            "secondary_private_ip_address_count": 0,
            "secondary_private_ip_addresses": [],
            "subnet_id": "subnet-01f344cd0f626c47a",
            "tags": {
              "Name": "minho-nat-gateway"
            },
            "tags_all": {
              "Name": "minho-nat-gateway"
            },
            "timeouts": {
              "create": "10m",
              "delete": "30m",
              "update": null
            }
          },
          "sensitive_attributes": [],
          "private": "eyJlMmJmYjczMC1lY2FhLTExZTYtOGY4OC0zNDM2M2JjN2M0YzAiOnsiY3JlYXRlIjo2MDAwMDAwMDAwMDAsImRlbGV0ZSI6MTgwMDAwMDAwMDAwMCwidXBkYXRlIjo2MDAwMDAwMDAwMDB9fQ==",
          "dependencies": [
            "module.network.aws_eip.nat_eip",
            "module.network.aws_internet_gateway.gw",
            "module.network.aws_subnet.public",
            "module.network.aws_vpc.main"
          ]
        }
      ]
    },
    {
      "module": "module.network",
      "mode": "managed",
      "type": "aws_network_acl",
      "name": "main",
      "provider": "provider[\"registry.terraform.io/hashicorp/aws\"]",
      "instances": [
        {
          "schema_version": 0,
          "attributes": {
            "arn": "arn:aws:ec2:ap-northeast-2:307946660153:network-acl/acl-0a9e1b18664493a9a",
            "egress": [
              {
                "action": "allow",
                "cidr_block": "0.0.0.0/0",
                "from_port": 0,
                "icmp_code": null,
                "icmp_type": null,
                "ipv6_cidr_block": "",
                "protocol": "-1",
                "rule_no": 100,
                "to_port": 0
              }
            ],
            "id": "acl-0a9e1b18664493a9a",
            "ingress": [
              {
                "action": "allow",
                "cidr_block": "0.0.0.0/0",
                "from_port": 0,
                "icmp_code": null,
                "icmp_type": null,
                "ipv6_cidr_block": "",
                "protocol": "-1",
                "rule_no": 100,
                "to_port": 0
              }
            ],
            "owner_id": "307946660153",
            "subnet_ids": [
              "subnet-01f344cd0f626c47a",
              "subnet-0764ba091c4e52e14",
              "subnet-07c97aac029c8e818",
              "subnet-0e3d4ae8d1cb92842"
            ],
            "tags": {
              "Name": "minho-acl"
            },
            "tags_all": {
              "Name": "minho-acl"
            },
            "vpc_id": "vpc-01ac562c1f5f08562"
          },
          "sensitive_attributes": [],
          "private": "bnVsbA==",
          "dependencies": [
            "module.network.aws_subnet.private",
            "module.network.aws_subnet.public",
            "module.network.aws_vpc.main"
          ]
        }
      ]
    },
    {
      "module": "module.network",
      "mode": "managed",
      "type": "aws_route_table",
      "name": "private",
      "provider": "provider[\"registry.terraform.io/hashicorp/aws\"]",
      "instances": [
        {
          "schema_version": 0,
          "attributes": {
            "arn": "arn:aws:ec2:ap-northeast-2:307946660153:route-table/rtb-00a35735d4f66cf1a",
            "id": "rtb-00a35735d4f66cf1a",
            "owner_id": "307946660153",
            "propagating_vgws": [],
            "route": [
              {
                "carrier_gateway_id": "",
                "cidr_block": "0.0.0.0/0",
                "core_network_arn": "",
                "destination_prefix_list_id": "",
                "egress_only_gateway_id": "",
                "gateway_id": "",
                "ipv6_cidr_block": "",
                "local_gateway_id": "",
                "nat_gateway_id": "nat-0b9e84a2f6a97d28a",
                "network_interface_id": "",
                "transit_gateway_id": "",
                "vpc_endpoint_id": "",
                "vpc_peering_connection_id": ""
              }
            ],
            "tags": {
              "Name": "minho-private-route-table"
            },
            "tags_all": {
              "Name": "minho-private-route-table"
            },
            "timeouts": null,
            "vpc_id": "vpc-01ac562c1f5f08562"
          },
          "sensitive_attributes": [],
          "private": "eyJlMmJmYjczMC1lY2FhLTExZTYtOGY4OC0zNDM2M2JjN2M0YzAiOnsiY3JlYXRlIjozMDAwMDAwMDAwMDAsImRlbGV0ZSI6MzAwMDAwMDAwMDAwLCJ1cGRhdGUiOjEyMDAwMDAwMDAwMH19",
          "dependencies": [
            "module.network.aws_eip.nat_eip",
            "module.network.aws_internet_gateway.gw",
            "module.network.aws_nat_gateway.gw",
            "module.network.aws_subnet.public",
            "module.network.aws_vpc.main"
          ]
        }
      ]
    },
    {
      "module": "module.network",
      "mode": "managed",
      "type": "aws_route_table",
      "name": "public",
      "provider": "provider[\"registry.terraform.io/hashicorp/aws\"]",
      "instances": [
        {
          "schema_version": 0,
          "attributes": {
            "arn": "arn:aws:ec2:ap-northeast-2:307946660153:route-table/rtb-0173d73e337d6d82e",
            "id": "rtb-0173d73e337d6d82e",
            "owner_id": "307946660153",
            "propagating_vgws": [],
            "route": [
              {
                "carrier_gateway_id": "",
                "cidr_block": "0.0.0.0/0",
                "core_network_arn": "",
                "destination_prefix_list_id": "",
                "egress_only_gateway_id": "",
                "gateway_id": "igw-0f4999105b86047bf",
                "ipv6_cidr_block": "",
                "local_gateway_id": "",
                "nat_gateway_id": "",
                "network_interface_id": "",
                "transit_gateway_id": "",
                "vpc_endpoint_id": "",
                "vpc_peering_connection_id": ""
              }
            ],
            "tags": {
              "Name": "minho-public-route-table"
            },
            "tags_all": {
              "Name": "minho-public-route-table"
            },
            "timeouts": null,
            "vpc_id": "vpc-01ac562c1f5f08562"
          },
          "sensitive_attributes": [],
          "private": "eyJlMmJmYjczMC1lY2FhLTExZTYtOGY4OC0zNDM2M2JjN2M0YzAiOnsiY3JlYXRlIjozMDAwMDAwMDAwMDAsImRlbGV0ZSI6MzAwMDAwMDAwMDAwLCJ1cGRhdGUiOjEyMDAwMDAwMDAwMH19",
          "dependencies": [
            "module.network.aws_internet_gateway.gw",
            "module.network.aws_vpc.main"
          ]
        }
      ]
    },
    {
      "module": "module.network",
      "mode": "managed",
      "type": "aws_route_table_association",
      "name": "private",
      "provider": "provider[\"registry.terraform.io/hashicorp/aws\"]",
      "instances": [
        {
          "index_key": "subnet1",
          "schema_version": 0,
          "attributes": {
            "gateway_id": "",
            "id": "rtbassoc-07ba0223a4f1057b5",
            "route_table_id": "rtb-00a35735d4f66cf1a",
            "subnet_id": "subnet-07c97aac029c8e818",
            "timeouts": null
          },
          "sensitive_attributes": [],
          "private": "eyJlMmJmYjczMC1lY2FhLTExZTYtOGY4OC0zNDM2M2JjN2M0YzAiOnsiY3JlYXRlIjozMDAwMDAwMDAwMDAsImRlbGV0ZSI6MzAwMDAwMDAwMDAwLCJ1cGRhdGUiOjEyMDAwMDAwMDAwMH19",
          "dependencies": [
            "module.network.aws_eip.nat_eip",
            "module.network.aws_internet_gateway.gw",
            "module.network.aws_nat_gateway.gw",
            "module.network.aws_route_table.private",
            "module.network.aws_subnet.private",
            "module.network.aws_subnet.public",
            "module.network.aws_vpc.main"
          ]
        },
        {
          "index_key": "subnet2",
          "schema_version": 0,
          "attributes": {
            "gateway_id": "",
            "id": "rtbassoc-0bbe746b1e6543bc1",
            "route_table_id": "rtb-00a35735d4f66cf1a",
            "subnet_id": "subnet-0e3d4ae8d1cb92842",
            "timeouts": null
          },
          "sensitive_attributes": [],
          "private": "eyJlMmJmYjczMC1lY2FhLTExZTYtOGY4OC0zNDM2M2JjN2M0YzAiOnsiY3JlYXRlIjozMDAwMDAwMDAwMDAsImRlbGV0ZSI6MzAwMDAwMDAwMDAwLCJ1cGRhdGUiOjEyMDAwMDAwMDAwMH19",
          "dependencies": [
            "module.network.aws_eip.nat_eip",
            "module.network.aws_internet_gateway.gw",
            "module.network.aws_nat_gateway.gw",
            "module.network.aws_route_table.private",
            "module.network.aws_subnet.private",
            "module.network.aws_subnet.public",
            "module.network.aws_vpc.main"
          ]
        }
      ]
    },
    {
      "module": "module.network",
      "mode": "managed",
      "type": "aws_route_table_association",
      "name": "public",
      "provider": "provider[\"registry.terraform.io/hashicorp/aws\"]",
      "instances": [
        {
          "index_key": "subnet1",
          "schema_version": 0,
          "attributes": {
            "gateway_id": "",
            "id": "rtbassoc-0642c9aa2a994c750",
            "route_table_id": "rtb-0173d73e337d6d82e",
            "subnet_id": "subnet-01f344cd0f626c47a",
            "timeouts": null
          },
          "sensitive_attributes": [],
          "private": "eyJlMmJmYjczMC1lY2FhLTExZTYtOGY4OC0zNDM2M2JjN2M0YzAiOnsiY3JlYXRlIjozMDAwMDAwMDAwMDAsImRlbGV0ZSI6MzAwMDAwMDAwMDAwLCJ1cGRhdGUiOjEyMDAwMDAwMDAwMH19",
          "dependencies": [
            "module.network.aws_internet_gateway.gw",
            "module.network.aws_route_table.public",
            "module.network.aws_subnet.public",
            "module.network.aws_vpc.main"
          ]
        },
        {
          "index_key": "subnet2",
          "schema_version": 0,
          "attributes": {
            "gateway_id": "",
            "id": "rtbassoc-0ea8450e0cc01eb41",
            "route_table_id": "rtb-0173d73e337d6d82e",
            "subnet_id": "subnet-0764ba091c4e52e14",
            "timeouts": null
          },
          "sensitive_attributes": [],
          "private": "eyJlMmJmYjczMC1lY2FhLTExZTYtOGY4OC0zNDM2M2JjN2M0YzAiOnsiY3JlYXRlIjozMDAwMDAwMDAwMDAsImRlbGV0ZSI6MzAwMDAwMDAwMDAwLCJ1cGRhdGUiOjEyMDAwMDAwMDAwMH19",
          "dependencies": [
            "module.network.aws_internet_gateway.gw",
            "module.network.aws_route_table.public",
            "module.network.aws_subnet.public",
            "module.network.aws_vpc.main"
          ]
        }
      ]
    },
    {
      "module": "module.network",
      "mode": "managed",
      "type": "aws_subnet",
      "name": "private",
      "provider": "provider[\"registry.terraform.io/hashicorp/aws\"]",
      "instances": [
        {
          "index_key": "subnet1",
          "schema_version": 1,
          "attributes": {
            "arn": "arn:aws:ec2:ap-northeast-2:307946660153:subnet/subnet-07c97aac029c8e818",
            "assign_ipv6_address_on_creation": false,
            "availability_zone": "ap-northeast-2b",
            "availability_zone_id": "apne2-az2",
            "cidr_block": "192.168.2.0/24",
            "customer_owned_ipv4_pool": "",
            "enable_dns64": false,
            "enable_lni_at_device_index": 0,
            "enable_resource_name_dns_a_record_on_launch": false,
            "enable_resource_name_dns_aaaa_record_on_launch": false,
            "id": "subnet-07c97aac029c8e818",
            "ipv6_cidr_block": "",
            "ipv6_cidr_block_association_id": "",
            "ipv6_native": false,
            "map_customer_owned_ip_on_launch": false,
            "map_public_ip_on_launch": false,
            "outpost_arn": "",
            "owner_id": "307946660153",
            "private_dns_hostname_type_on_launch": "ip-name",
            "tags": {
              "Name": "minho-private-subnet-subnet1"
            },
            "tags_all": {
              "Name": "minho-private-subnet-subnet1"
            },
            "timeouts": null,
            "vpc_id": "vpc-01ac562c1f5f08562"
          },
          "sensitive_attributes": [],
          "private": "eyJlMmJmYjczMC1lY2FhLTExZTYtOGY4OC0zNDM2M2JjN2M0YzAiOnsiY3JlYXRlIjo2MDAwMDAwMDAwMDAsImRlbGV0ZSI6MTIwMDAwMDAwMDAwMH0sInNjaGVtYV92ZXJzaW9uIjoiMSJ9",
          "dependencies": [
            "module.network.aws_vpc.main"
          ]
        },
        {
          "index_key": "subnet2",
          "schema_version": 1,
          "attributes": {
            "arn": "arn:aws:ec2:ap-northeast-2:307946660153:subnet/subnet-0e3d4ae8d1cb92842",
            "assign_ipv6_address_on_creation": false,
            "availability_zone": "ap-northeast-2c",
            "availability_zone_id": "apne2-az3",
            "cidr_block": "192.168.4.0/24",
            "customer_owned_ipv4_pool": "",
            "enable_dns64": false,
            "enable_lni_at_device_index": 0,
            "enable_resource_name_dns_a_record_on_launch": false,
            "enable_resource_name_dns_aaaa_record_on_launch": false,
            "id": "subnet-0e3d4ae8d1cb92842",
            "ipv6_cidr_block": "",
            "ipv6_cidr_block_association_id": "",
            "ipv6_native": false,
            "map_customer_owned_ip_on_launch": false,
            "map_public_ip_on_launch": false,
            "outpost_arn": "",
            "owner_id": "307946660153",
            "private_dns_hostname_type_on_launch": "ip-name",
            "tags": {
              "Name": "minho-private-subnet-subnet2"
            },
            "tags_all": {
              "Name": "minho-private-subnet-subnet2"
            },
            "timeouts": null,
            "vpc_id": "vpc-01ac562c1f5f08562"
          },
          "sensitive_attributes": [],
          "private": "eyJlMmJmYjczMC1lY2FhLTExZTYtOGY4OC0zNDM2M2JjN2M0YzAiOnsiY3JlYXRlIjo2MDAwMDAwMDAwMDAsImRlbGV0ZSI6MTIwMDAwMDAwMDAwMH0sInNjaGVtYV92ZXJzaW9uIjoiMSJ9",
          "dependencies": [
            "module.network.aws_vpc.main"
          ]
        }
      ]
    },
    {
      "module": "module.network",
      "mode": "managed",
      "type": "aws_subnet",
      "name": "public",
      "provider": "provider[\"registry.terraform.io/hashicorp/aws\"]",
      "instances": [
        {
          "index_key": "subnet1",
          "schema_version": 1,
          "attributes": {
            "arn": "arn:aws:ec2:ap-northeast-2:307946660153:subnet/subnet-01f344cd0f626c47a",
            "assign_ipv6_address_on_creation": false,
            "availability_zone": "ap-northeast-2b",
            "availability_zone_id": "apne2-az2",
            "cidr_block": "192.168.1.0/24",
            "customer_owned_ipv4_pool": "",
            "enable_dns64": false,
            "enable_lni_at_device_index": 0,
            "enable_resource_name_dns_a_record_on_launch": false,
            "enable_resource_name_dns_aaaa_record_on_launch": false,
            "id": "subnet-01f344cd0f626c47a",
            "ipv6_cidr_block": "",
            "ipv6_cidr_block_association_id": "",
            "ipv6_native": false,
            "map_customer_owned_ip_on_launch": false,
            "map_public_ip_on_launch": false,
            "outpost_arn": "",
            "owner_id": "307946660153",
            "private_dns_hostname_type_on_launch": "ip-name",
            "tags": {
              "Name": "minho-public-subnet-subnet1"
            },
            "tags_all": {
              "Name": "minho-public-subnet-subnet1"
            },
            "timeouts": null,
            "vpc_id": "vpc-01ac562c1f5f08562"
          },
          "sensitive_attributes": [],
          "private": "eyJlMmJmYjczMC1lY2FhLTExZTYtOGY4OC0zNDM2M2JjN2M0YzAiOnsiY3JlYXRlIjo2MDAwMDAwMDAwMDAsImRlbGV0ZSI6MTIwMDAwMDAwMDAwMH0sInNjaGVtYV92ZXJzaW9uIjoiMSJ9",
          "dependencies": [
            "module.network.aws_vpc.main"
          ]
        },
        {
          "index_key": "subnet2",
          "schema_version": 1,
          "attributes": {
            "arn": "arn:aws:ec2:ap-northeast-2:307946660153:subnet/subnet-0764ba091c4e52e14",
            "assign_ipv6_address_on_creation": false,
            "availability_zone": "ap-northeast-2c",
            "availability_zone_id": "apne2-az3",
            "cidr_block": "192.168.3.0/24",
            "customer_owned_ipv4_pool": "",
            "enable_dns64": false,
            "enable_lni_at_device_index": 0,
            "enable_resource_name_dns_a_record_on_launch": false,
            "enable_resource_name_dns_aaaa_record_on_launch": false,
            "id": "subnet-0764ba091c4e52e14",
            "ipv6_cidr_block": "",
            "ipv6_cidr_block_association_id": "",
            "ipv6_native": false,
            "map_customer_owned_ip_on_launch": false,
            "map_public_ip_on_launch": false,
            "outpost_arn": "",
            "owner_id": "307946660153",
            "private_dns_hostname_type_on_launch": "ip-name",
            "tags": {
              "Name": "minho-public-subnet-subnet2"
            },
            "tags_all": {
              "Name": "minho-public-subnet-subnet2"
            },
            "timeouts": null,
            "vpc_id": "vpc-01ac562c1f5f08562"
          },
          "sensitive_attributes": [],
          "private": "eyJlMmJmYjczMC1lY2FhLTExZTYtOGY4OC0zNDM2M2JjN2M0YzAiOnsiY3JlYXRlIjo2MDAwMDAwMDAwMDAsImRlbGV0ZSI6MTIwMDAwMDAwMDAwMH0sInNjaGVtYV92ZXJzaW9uIjoiMSJ9",
          "dependencies": [
            "module.network.aws_vpc.main"
          ]
        }
      ]
    },
    {
      "module": "module.network",
      "mode": "managed",
      "type": "aws_vpc",
      "name": "main",
      "provider": "provider[\"registry.terraform.io/hashicorp/aws\"]",
      "instances": [
        {
          "schema_version": 1,
          "attributes": {
            "arn": "arn:aws:ec2:ap-northeast-2:307946660153:vpc/vpc-01ac562c1f5f08562",
            "assign_generated_ipv6_cidr_block": false,
            "cidr_block": "192.168.0.0/16",
            "default_network_acl_id": "acl-0a0f951680fa3ca70",
            "default_route_table_id": "rtb-02869a4427af5f7f8",
            "default_security_group_id": "sg-0355cb4762f5a9cb8",
            "dhcp_options_id": "dopt-0119d6e08d026b53c",
            "enable_dns_hostnames": true,
            "enable_dns_support": true,
            "enable_network_address_usage_metrics": false,
            "id": "vpc-01ac562c1f5f08562",
            "instance_tenancy": "default",
            "ipv4_ipam_pool_id": null,
            "ipv4_netmask_length": null,
            "ipv6_association_id": "",
            "ipv6_cidr_block": "",
            "ipv6_cidr_block_network_border_group": "",
            "ipv6_ipam_pool_id": "",
            "ipv6_netmask_length": 0,
            "main_route_table_id": "rtb-02869a4427af5f7f8",
            "owner_id": "307946660153",
            "tags": {
              "Name": "minho-vpc"
            },
            "tags_all": {
              "Name": "minho-vpc"
            }
          },
          "sensitive_attributes": [],
          "private": "eyJzY2hlbWFfdmVyc2lvbiI6IjEifQ=="
        }
      ]
    },
    {
      "module": "module.rds",
      "mode": "managed",
      "type": "aws_db_instance",
      "name": "default",
      "provider": "provider[\"registry.terraform.io/hashicorp/aws\"]",
      "instances": [
        {
          "schema_version": 2,
          "attributes": {
            "address": "minho-mysql-instance.cxycq0a0mt1m.ap-northeast-2.rds.amazonaws.com",
            "allocated_storage": 20,
            "allow_major_version_upgrade": null,
            "apply_immediately": false,
            "arn": "arn:aws:rds:ap-northeast-2:307946660153:db:minho-mysql-instance",
            "auto_minor_version_upgrade": true,
            "availability_zone": "ap-northeast-2b",
            "backup_retention_period": 7,
            "backup_target": "region",
            "backup_window": "19:09-19:39",
            "blue_green_update": [],
            "ca_cert_identifier": "rds-ca-rsa2048-g1",
            "character_set_name": "",
            "copy_tags_to_snapshot": false,
            "custom_iam_instance_profile": "",
            "customer_owned_ip_enabled": false,
            "db_name": "",
            "db_subnet_group_name": "minho-mysql-subnet-group",
            "dedicated_log_volume": false,
            "delete_automated_backups": true,
            "deletion_protection": false,
            "domain": "",
            "domain_auth_secret_arn": "",
            "domain_dns_ips": null,
            "domain_fqdn": "",
            "domain_iam_role_name": "",
            "domain_ou": "",
            "enabled_cloudwatch_logs_exports": null,
            "endpoint": "minho-mysql-instance.cxycq0a0mt1m.ap-northeast-2.rds.amazonaws.com:3306",
            "engine": "mysql",
            "engine_lifecycle_support": "open-source-rds-extended-support",
            "engine_version": "8.0",
            "engine_version_actual": "8.0.39",
            "final_snapshot_identifier": null,
            "hosted_zone_id": "ZLA2NUCOLGUUR",
            "iam_database_authentication_enabled": false,
            "id": "db-OUSSFD7FN6O7XXY7J33NGCKGG4",
            "identifier": "minho-mysql-instance",
            "identifier_prefix": "",
            "instance_class": "db.t3.micro",
            "iops": 0,
            "kms_key_id": "",
            "latest_restorable_time": "2024-10-26T12:19:07Z",
            "license_model": "general-public-license",
            "listener_endpoint": [],
            "maintenance_window": "mon:15:33-mon:16:03",
            "manage_master_user_password": null,
            "master_user_secret": [],
            "master_user_secret_kms_key_id": null,
            "max_allocated_storage": 0,
            "monitoring_interval": 0,
            "monitoring_role_arn": "",
            "multi_az": false,
            "nchar_character_set_name": "",
            "network_type": "IPV4",
            "option_group_name": "default:mysql-8-0",
            "parameter_group_name": "minho-mysql-parameter-group",
            "password": "cloudclub6",
            "performance_insights_enabled": false,
            "performance_insights_kms_key_id": "",
            "performance_insights_retention_period": 0,
            "port": 3306,
            "publicly_accessible": true,
            "replica_mode": "",
            "replicas": [],
            "replicate_source_db": "",
            "resource_id": "db-OUSSFD7FN6O7XXY7J33NGCKGG4",
            "restore_to_point_in_time": [],
            "s3_import": [],
            "skip_final_snapshot": true,
            "snapshot_identifier": null,
            "status": "available",
            "storage_encrypted": false,
            "storage_throughput": 0,
            "storage_type": "gp2",
            "tags": null,
            "tags_all": {},
            "timeouts": null,
            "timezone": "",
            "upgrade_storage_config": null,
            "username": "root",
            "vpc_security_group_ids": [
              "sg-0a33e1fdf9d979692"
            ]
          },
          "sensitive_attributes": [
            [
              {
                "type": "get_attr",
                "value": "password"
              }
            ]
          ],
          "private": "eyJlMmJmYjczMC1lY2FhLTExZTYtOGY4OC0zNDM2M2JjN2M0YzAiOnsiY3JlYXRlIjoyNDAwMDAwMDAwMDAwLCJkZWxldGUiOjM2MDAwMDAwMDAwMDAsInVwZGF0ZSI6NDgwMDAwMDAwMDAwMH0sInNjaGVtYV92ZXJzaW9uIjoiMiJ9",
          "dependencies": [
            "module.network.aws_subnet.public",
            "module.network.aws_vpc.main",
            "module.rds.aws_db_parameter_group.default",
            "module.rds.aws_db_subnet_group.default",
            "module.rds.aws_security_group.rds_sg"
          ]
        }
      ]
    },
    {
      "module": "module.rds",
      "mode": "managed",
      "type": "aws_db_parameter_group",
      "name": "default",
      "provider": "provider[\"registry.terraform.io/hashicorp/aws\"]",
      "instances": [
        {
          "schema_version": 0,
          "attributes": {
            "arn": "arn:aws:rds:ap-northeast-2:307946660153:pg:minho-mysql-parameter-group",
            "description": "Managed by Terraform",
            "family": "mysql8.0",
            "id": "minho-mysql-parameter-group",
            "name": "minho-mysql-parameter-group",
            "name_prefix": null,
            "parameter": [
              {
                "apply_method": "immediate",
                "name": "binlog_checksum",
                "value": "NONE"
              },
              {
                "apply_method": "immediate",
                "name": "binlog_format",
                "value": "ROW"
              }
            ],
            "skip_destroy": false,
            "tags": null,
            "tags_all": {}
          },
          "sensitive_attributes": [],
          "private": "bnVsbA=="
        }
      ]
    },
    {
      "module": "module.rds",
      "mode": "managed",
      "type": "aws_db_subnet_group",
      "name": "default",
      "provider": "provider[\"registry.terraform.io/hashicorp/aws\"]",
      "instances": [
        {
          "schema_version": 0,
          "attributes": {
            "arn": "arn:aws:rds:ap-northeast-2:307946660153:subgrp:minho-mysql-subnet-group",
            "description": "Managed by Terraform",
            "id": "minho-mysql-subnet-group",
            "name": "minho-mysql-subnet-group",
            "name_prefix": "",
            "subnet_ids": [
              "subnet-01f344cd0f626c47a",
              "subnet-0764ba091c4e52e14"
            ],
            "supported_network_types": [
              "IPV4"
            ],
            "tags": {
              "Name": "minho-mysql-subnet-group"
            },
            "tags_all": {
              "Name": "minho-mysql-subnet-group"
            },
            "vpc_id": "vpc-01ac562c1f5f08562"
          },
          "sensitive_attributes": [],
          "private": "bnVsbA==",
          "dependencies": [
            "module.network.aws_subnet.public",
            "module.network.aws_vpc.main"
          ]
        }
      ]
    },
    {
      "module": "module.rds",
      "mode": "managed",
      "type": "aws_security_group",
      "name": "rds_sg",
      "provider": "provider[\"registry.terraform.io/hashicorp/aws\"]",
      "instances": [
        {
          "schema_version": 1,
          "attributes": {
            "arn": "arn:aws:ec2:ap-northeast-2:307946660153:security-group/sg-0a33e1fdf9d979692",
            "description": "Allow inbound traffic on port 3306",
            "egress": [
              {
                "cidr_blocks": [
                  "0.0.0.0/0"
                ],
                "description": "",
                "from_port": 0,
                "ipv6_cidr_blocks": [],
                "prefix_list_ids": [],
                "protocol": "-1",
                "security_groups": [],
                "self": false,
                "to_port": 0
              }
            ],
            "id": "sg-0a33e1fdf9d979692",
            "ingress": [
              {
                "cidr_blocks": [
                  "0.0.0.0/0"
                ],
                "description": "Allow MySQL access from anywhere",
                "from_port": 3306,
                "ipv6_cidr_blocks": [],
                "prefix_list_ids": [],
                "protocol": "tcp",
                "security_groups": [],
                "self": false,
                "to_port": 3306
              }
            ],
            "name": "minho-rds-sg",
            "name_prefix": "",
            "owner_id": "307946660153",
            "revoke_rules_on_delete": false,
            "tags": null,
            "tags_all": {},
            "timeouts": null,
            "vpc_id": "vpc-01ac562c1f5f08562"
          },
          "sensitive_attributes": [],
          "private": "eyJlMmJmYjczMC1lY2FhLTExZTYtOGY4OC0zNDM2M2JjN2M0YzAiOnsiY3JlYXRlIjo2MDAwMDAwMDAwMDAsImRlbGV0ZSI6OTAwMDAwMDAwMDAwfSwic2NoZW1hX3ZlcnNpb24iOiIxIn0=",
          "dependencies": [
            "module.network.aws_vpc.main"
          ]
        }
      ]
    },
    {
      "module": "module.s3",
      "mode": "managed",
      "type": "aws_s3_bucket",
      "name": "default",
      "provider": "provider[\"registry.terraform.io/hashicorp/aws\"]",
      "instances": [
        {
          "schema_version": 0,
          "attributes": {
            "acceleration_status": "",
            "acl": null,
            "arn": "arn:aws:s3:::minho-cdc-s3",
            "bucket": "minho-cdc-s3",
            "bucket_domain_name": "minho-cdc-s3.s3.amazonaws.com",
            "bucket_prefix": "",
            "bucket_regional_domain_name": "minho-cdc-s3.s3.ap-northeast-2.amazonaws.com",
            "cors_rule": [],
            "force_destroy": false,
            "grant": [
              {
                "id": "a3fde62ba58c171c7cc43a79b8cf12dd43695e55738899cd94f07e2debb8c409",
                "permissions": [
                  "FULL_CONTROL"
                ],
                "type": "CanonicalUser",
                "uri": ""
              }
            ],
            "hosted_zone_id": "Z3W03O7B5YMIYP",
            "id": "minho-cdc-s3",
            "lifecycle_rule": [],
            "logging": [],
            "object_lock_configuration": [],
            "object_lock_enabled": false,
            "policy": "",
            "region": "ap-northeast-2",
            "replication_configuration": [],
            "request_payer": "BucketOwner",
            "server_side_encryption_configuration": [
              {
                "rule": [
                  {
                    "apply_server_side_encryption_by_default": [
                      {
                        "kms_master_key_id": "",
                        "sse_algorithm": "AES256"
                      }
                    ],
                    "bucket_key_enabled": false
                  }
                ]
              }
            ],
            "tags": null,
            "tags_all": {},
            "timeouts": null,
            "versioning": [
              {
                "enabled": false,
                "mfa_delete": false
              }
            ],
            "website": [],
            "website_domain": null,
            "website_endpoint": null
          },
          "sensitive_attributes": [],
          "private": "eyJlMmJmYjczMC1lY2FhLTExZTYtOGY4OC0zNDM2M2JjN2M0YzAiOnsiY3JlYXRlIjoxMjAwMDAwMDAwMDAwLCJkZWxldGUiOjM2MDAwMDAwMDAwMDAsInJlYWQiOjEyMDAwMDAwMDAwMDAsInVwZGF0ZSI6MTIwMDAwMDAwMDAwMH19"
        }
      ]
    },
    {
      "module": "module.security_group",
      "mode": "managed",
      "type": "aws_security_group",
      "name": "default",
      "provider": "provider[\"registry.terraform.io/hashicorp/aws\"]",
      "instances": [
        {
          "schema_version": 1,
          "attributes": {
            "arn": "arn:aws:ec2:ap-northeast-2:307946660153:security-group/sg-01a44a1ab63cb3af3",
            "description": "Allow all inbound IPv4 traffic",
            "egress": [
              {
                "cidr_blocks": [
                  "0.0.0.0/0"
                ],
                "description": "",
                "from_port": 0,
                "ipv6_cidr_blocks": [],
                "prefix_list_ids": [],
                "protocol": "-1",
                "security_groups": [],
                "self": false,
                "to_port": 0
              }
            ],
            "id": "sg-01a44a1ab63cb3af3",
            "ingress": [
              {
                "cidr_blocks": [
                  "0.0.0.0/0"
                ],
                "description": "",
                "from_port": 0,
                "ipv6_cidr_blocks": [],
                "prefix_list_ids": [],
                "protocol": "-1",
                "security_groups": [],
                "self": false,
                "to_port": 0
              }
            ],
            "name": "minho-sg",
            "name_prefix": "",
            "owner_id": "307946660153",
            "revoke_rules_on_delete": false,
            "tags": null,
            "tags_all": {},
            "timeouts": null,
            "vpc_id": "vpc-01ac562c1f5f08562"
          },
          "sensitive_attributes": [],
          "private": "eyJlMmJmYjczMC1lY2FhLTExZTYtOGY4OC0zNDM2M2JjN2M0YzAiOnsiY3JlYXRlIjo2MDAwMDAwMDAwMDAsImRlbGV0ZSI6OTAwMDAwMDAwMDAwfSwic2NoZW1hX3ZlcnNpb24iOiIxIn0=",
          "dependencies": [
            "module.network.aws_vpc.main"
          ]
        }
      ]
    }
  ],
  "check_results": null
}
